
Microsoft Visual Studio Solution File, Format Version 12.00
# Visual Studio Version 16
VisualStudioVersion = 16.0.32002.261
MinimumVisualStudioVersion = 10.0.40219.1
Project("{FAE04EC0-301F-11D3-BF4B-00C04F79EFBC}") = "MIS4200_Team11", "MIS4200_Team11\MIS4200_Team11.csproj", "{B2568EA3-8555-495C-8A2B-37603796597B}"
EndProject
Global
	GlobalSection(SolutionConfigurationPlatforms) = preSolution
		Debug|Any CPU = Debug|Any CPU
		Release|Any CPU = Release|Any CPU
	EndGlobalSection
	GlobalSection(ProjectConfigurationPlatforms) = postSolution
		{B2568EA3-8555-495C-8A2B-37603796597B}.Debug|Any CPU.ActiveCfg = Debug|Any CPU
		{B2568EA3-8555-495C-8A2B-37603796597B}.Debug|Any CPU.Build.0 = Debug|Any CPU
		{B2568EA3-8555-495C-8A2B-37603796597B}.Release|Any CPU.ActiveCfg = Release|Any CPU
		{B2568EA3-8555-495C-8A2B-37603796597B}.Release|Any CPU.Build.0 = Release|Any CPU
	EndGlobalSection
	GlobalSection(SolutionProperties) = preSolution
		HideSolutionNode = FALSE
	EndGlobalSection
	GlobalSection(ExtensibilityGlobals) = postSolution
		SolutionGuid = {6FA70443-8D6A-47E6-B954-7D0812B213FF}
	EndGlobalSection
EndGlobal
